{
  "name": "sanw",
  "lockfileVersion": 3,
  "requires": true,
  "packages": {
    "": {
      "dependencies": {
        "roughjs": "^4.6.6"
      }
    },
    "node_modules/hachure-fill": {
      "version": "0.5.2",
      "resolved": "https://registry.npmjs.org/hachure-fill/-/hachure-fill-0.5.2.tgz",
      "integrity": "sha512-3GKBOn+m2LX9iq+JC1064cSFprJY4jL1jCXTcpnfER5HYE2l/4EfWSGzkPa/ZDBmYI0ZOEj5VHV/eKnPGkHuOg=="
    },
    "node_modules/path-data-parser": {
      "version": "0.1.0",
      "resolved": "https://registry.npmjs.org/path-data-parser/-/path-data-parser-0.1.0.tgz",
      "integrity": "sha512-NOnmBpt5Y2RWbuv0LMzsayp3lVylAHLPUTut412ZA3l+C4uw4ZVkQbjShYCQ8TCpUMdPapr4YjUqLYD6v68j+w=="
    },
    "node_modules/points-on-curve": {
      "version": "0.2.0",
      "resolved": "https://registry.npmjs.org/points-on-curve/-/points-on-curve-0.2.0.tgz",
      "integrity": "sha512-0mYKnYYe9ZcqMCWhUjItv/oHjvgEsfKvnUTg8sAtnHr3GVy7rGkXCb6d5cSyqrWqL4k81b9CPg3urd+T7aop3A=="
    },
    "node_modules/points-on-path": {
      "version": "0.2.1",
      "resolved": "https://registry.npmjs.org/points-on-path/-/points-on-path-0.2.1.tgz",
      "integrity": "sha512-25ClnWWuw7JbWZcgqY/gJ4FQWadKxGWk+3kR/7kD0tCaDtPPMj7oHu2ToLaVhfpnHrZzYby2w6tUA0eOIuUg8g==",
      "dependencies": {
        "path-data-parser": "0.1.0",
        "points-on-curve": "0.2.0"
      }
    },
    "node_modules/roughjs": {
      "version": "4.6.6",
      "resolved": "https://registry.npmjs.org/roughjs/-/roughjs-4.6.6.tgz",
      "integrity": "sha512-ZUz/69+SYpFN/g/lUlo2FXcIjRkSu3nDarreVdGGndHEBJ6cXPdKguS8JGxwj5HA5xIbVKSmLgr5b3AWxtRfvQ==",
      "dependencies": {
        "hachure-fill": "^0.5.2",
        "path-data-parser": "^0.1.0",
        "points-on-curve": "^0.2.0",
        "points-on-path": "^0.2.1"
      }
    }
  }
}
